
Microsoft Visual Studio Solution File, Format Version 12.00
# Visual Studio Version 16
VisualStudioVersion = 16.0.32510.428
MinimumVisualStudioVersion = 10.0.40219.1
Project("{FAE04EC0-301F-11D3-BF4B-00C04F79EFBC}") = "CryptoAES", "CryptoAES\CryptoAES.csproj", "{C63E4719-6085-44BF-83A2-96A94323F108}"
EndProject
Global
	GlobalSection(SolutionConfigurationPlatforms) = preSolution
		Debug|Any CPU = Debug|Any CPU
		Release|Any CPU = Release|Any CPU
	EndGlobalSection
	GlobalSection(ProjectConfigurationPlatforms) = postSolution
		{C63E4719-6085-44BF-83A2-96A94323F108}.Debug|Any CPU.ActiveCfg = Debug|Any CPU
		{C63E4719-6085-44BF-83A2-96A94323F108}.Debug|Any CPU.Build.0 = Debug|Any CPU
		{C63E4719-6085-44BF-83A2-96A94323F108}.Release|Any CPU.ActiveCfg = Release|Any CPU
		{C63E4719-6085-44BF-83A2-96A94323F108}.Release|Any CPU.Build.0 = Release|Any CPU
	EndGlobalSection
	GlobalSection(SolutionProperties) = preSolution
		HideSolutionNode = FALSE
	EndGlobalSection
	GlobalSection(ExtensibilityGlobals) = postSolution
		SolutionGuid = {B20E48CE-8D1E-4AFC-B49F-4ABCDFA5ADA8}
	EndGlobalSection
EndGlobal
